
Microsoft Visual Studio Solution File, Format Version 12.00
# Visual Studio Version 16
VisualStudioVersion = 16.0.30225.117
MinimumVisualStudioVersion = 10.0.40219.1
Project("{FAE04EC0-301F-11D3-BF4B-00C04F79EFBC}") = "BloggerApp", "BloggerApp.csproj", "{30A7238F-A284-4A4B-8416-CEE54DB7DCDB}"
EndProject
Project("{FAE04EC0-301F-11D3-BF4B-00C04F79EFBC}") = "BloggerCore", "..\BloggerCore\BloggerCore.csproj", "{4178D62F-72F7-4F88-9F92-1867925791A2}"
EndProject
Global
	GlobalSection(SolutionConfigurationPlatforms) = preSolution
		Debug|Any CPU = Debug|Any CPU
		Release|Any CPU = Release|Any CPU
	EndGlobalSection
	GlobalSection(ProjectConfigurationPlatforms) = postSolution
		{30A7238F-A284-4A4B-8416-CEE54DB7DCDB}.Debug|Any CPU.ActiveCfg = Debug|Any CPU
		{30A7238F-A284-4A4B-8416-CEE54DB7DCDB}.Debug|Any CPU.Build.0 = Debug|Any CPU
		{30A7238F-A284-4A4B-8416-CEE54DB7DCDB}.Release|Any CPU.ActiveCfg = Release|Any CPU
		{30A7238F-A284-4A4B-8416-CEE54DB7DCDB}.Release|Any CPU.Build.0 = Release|Any CPU
		{4178D62F-72F7-4F88-9F92-1867925791A2}.Debug|Any CPU.ActiveCfg = Debug|Any CPU
		{4178D62F-72F7-4F88-9F92-1867925791A2}.Debug|Any CPU.Build.0 = Debug|Any CPU
		{4178D62F-72F7-4F88-9F92-1867925791A2}.Release|Any CPU.ActiveCfg = Release|Any CPU
		{4178D62F-72F7-4F88-9F92-1867925791A2}.Release|Any CPU.Build.0 = Release|Any CPU
	EndGlobalSection
	GlobalSection(SolutionProperties) = preSolution
		HideSolutionNode = FALSE
	EndGlobalSection
	GlobalSection(ExtensibilityGlobals) = postSolution
		SolutionGuid = {5F9F99A7-3588-4BEE-B47B-B4EFE14E4337}
	EndGlobalSection
EndGlobal
